{
  "name": "users",
  "version": "1.0.0",
  "lockfileVersion": 3,
  "requires": true,
  "packages": {
    "": {
      "name": "users",
      "version": "1.0.0",
      "dependencies": {
        "fastify-bcrypt": "^1.0.1"
      }
    },
    "node_modules/bcryptjs": {
      "version": "2.4.3",
      "resolved": "https://registry.npmjs.org/bcryptjs/-/bcryptjs-2.4.3.tgz",
      "integrity": "sha512-V/Hy/X9Vt7f3BbPJEi8BdVFMByHi+jNXrYkW3huaybV/kQ0KJg0Y6PkEMbn+zeT+i+SiKZ/HMqJGIIt4LZDqNQ==",
      "license": "MIT"
    },
    "node_modules/fastify-bcrypt": {
      "version": "1.0.1",
      "resolved": "https://registry.npmjs.org/fastify-bcrypt/-/fastify-bcrypt-1.0.1.tgz",
      "integrity": "sha512-XxBe62vvGRt0G7r8ayW4/N1owJQ1q8YB9jcfVffEbPpQjuX/eGbfPiFzObuw0ivBtZne6CV1fmISxJvIUbbSMw==",
      "license": "MIT",
      "dependencies": {
        "bcryptjs": "^2.4.3",
        "fastify-plugin": "^2.3.1"
      }
    },
    "node_modules/fastify-plugin": {
      "version": "2.3.4",
      "resolved": "https://registry.npmjs.org/fastify-plugin/-/fastify-plugin-2.3.4.tgz",
      "integrity": "sha512-I+Oaj6p9oiRozbam30sh39BiuiqBda7yK2nmSPVwDCfIBlKnT8YB3MY+pRQc2Fcd07bf6KPGklHJaQ2Qu81TYQ==",
      "license": "MIT",
      "dependencies": {
        "semver": "^7.3.2"
      }
    },
    "node_modules/semver": {
      "version": "7.7.3",
      "resolved": "https://registry.npmjs.org/semver/-/semver-7.7.3.tgz",
      "integrity": "sha512-SdsKMrI9TdgjdweUSR9MweHA4EJ8YxHn8DFaDisvhVlUOe4BF1tLD7GAj0lIqWVl+dPb/rExr0Btby5loQm20Q==",
      "license": "ISC",
      "bin": {
        "semver": "bin/semver.js"
      },
      "engines": {
        "node": ">=10"
      }
    }
  }
}
